
Microsoft Visual Studio Solution File, Format Version 12.00
# Visual Studio Version 16
VisualStudioVersion = 16.0.31112.23
MinimumVisualStudioVersion = 10.0.40219.1
Project("{9A19103F-16F7-4668-BE54-9A1E7A4F7556}") = "DataAccess", "DataAccess\DataAccess.csproj", "{9A013A43-029A-40DB-A1F6-EC5D5F916D22}"
EndProject
Project("{9A19103F-16F7-4668-BE54-9A1E7A4F7556}") = "Business", "Business\Business.csproj", "{9776E4CD-CFCE-4E84-B141-72F27E80DB7E}"
EndProject
Project("{9A19103F-16F7-4668-BE54-9A1E7A4F7556}") = "Entities", "Entities\Entities.csproj", "{64F271A0-1CE5-4904-BC3A-E3E34A34D44F}"
EndProject
Project("{9A19103F-16F7-4668-BE54-9A1E7A4F7556}") = "ConsoleUI", "Console\ConsoleUI.csproj", "{1FE4A629-B870-47D3-9793-995714F3B6D7}"
EndProject
Project("{FAE04EC0-301F-11D3-BF4B-00C04F79EFBC}") = "Core", "Core\Core.csproj", "{A7FAC019-AE4A-4CC2-B000-D9B055C673E2}"
EndProject
Global
	GlobalSection(SolutionConfigurationPlatforms) = preSolution
		Debug|Any CPU = Debug|Any CPU
		Release|Any CPU = Release|Any CPU
	EndGlobalSection
	GlobalSection(ProjectConfigurationPlatforms) = postSolution
		{9A013A43-029A-40DB-A1F6-EC5D5F916D22}.Debug|Any CPU.ActiveCfg = Debug|Any CPU
		{9A013A43-029A-40DB-A1F6-EC5D5F916D22}.Debug|Any CPU.Build.0 = Debug|Any CPU
		{9A013A43-029A-40DB-A1F6-EC5D5F916D22}.Release|Any CPU.ActiveCfg = Release|Any CPU
		{9A013A43-029A-40DB-A1F6-EC5D5F916D22}.Release|Any CPU.Build.0 = Release|Any CPU
		{9776E4CD-CFCE-4E84-B141-72F27E80DB7E}.Debug|Any CPU.ActiveCfg = Debug|Any CPU
		{9776E4CD-CFCE-4E84-B141-72F27E80DB7E}.Debug|Any CPU.Build.0 = Debug|Any CPU
		{9776E4CD-CFCE-4E84-B141-72F27E80DB7E}.Release|Any CPU.ActiveCfg = Release|Any CPU
		{9776E4CD-CFCE-4E84-B141-72F27E80DB7E}.Release|Any CPU.Build.0 = Release|Any CPU
		{64F271A0-1CE5-4904-BC3A-E3E34A34D44F}.Debug|Any CPU.ActiveCfg = Debug|Any CPU
		{64F271A0-1CE5-4904-BC3A-E3E34A34D44F}.Debug|Any CPU.Build.0 = Debug|Any CPU
		{64F271A0-1CE5-4904-BC3A-E3E34A34D44F}.Release|Any CPU.ActiveCfg = Release|Any CPU
		{64F271A0-1CE5-4904-BC3A-E3E34A34D44F}.Release|Any CPU.Build.0 = Release|Any CPU
		{1FE4A629-B870-47D3-9793-995714F3B6D7}.Debug|Any CPU.ActiveCfg = Debug|Any CPU
		{1FE4A629-B870-47D3-9793-995714F3B6D7}.Debug|Any CPU.Build.0 = Debug|Any CPU
		{1FE4A629-B870-47D3-9793-995714F3B6D7}.Release|Any CPU.ActiveCfg = Release|Any CPU
		{1FE4A629-B870-47D3-9793-995714F3B6D7}.Release|Any CPU.Build.0 = Release|Any CPU
		{A7FAC019-AE4A-4CC2-B000-D9B055C673E2}.Debug|Any CPU.ActiveCfg = Debug|Any CPU
		{A7FAC019-AE4A-4CC2-B000-D9B055C673E2}.Debug|Any CPU.Build.0 = Debug|Any CPU
		{A7FAC019-AE4A-4CC2-B000-D9B055C673E2}.Release|Any CPU.ActiveCfg = Release|Any CPU
		{A7FAC019-AE4A-4CC2-B000-D9B055C673E2}.Release|Any CPU.Build.0 = Release|Any CPU
	EndGlobalSection
	GlobalSection(SolutionProperties) = preSolution
		HideSolutionNode = FALSE
	EndGlobalSection
	GlobalSection(ExtensibilityGlobals) = postSolution
		SolutionGuid = {B2B9389E-37D2-49E3-8B74-F89B40587741}
	EndGlobalSection
EndGlobal
